
Microsoft Visual Studio Solution File, Format Version 12.00
# Visual Studio Version 17
VisualStudioVersion = 17.9.34607.119
MinimumVisualStudioVersion = 10.0.40219.1
Project("{9A19103F-16F7-4668-BE54-9A1E7A4F7556}") = "TestProject01", "TestProject01\TestProject01.csproj", "{79011A6D-F30C-4A59-8E41-0CCB25514C76}"
EndProject
Project("{FAE04EC0-301F-11D3-BF4B-00C04F79EFBC}") = "TestProjectTest", "TestProjectTest\TestProjectTest.csproj", "{C3068493-0826-4E60-8116-DE1CCB3DC44F}"
EndProject
Global
	GlobalSection(SolutionConfigurationPlatforms) = preSolution
		Debug|Any CPU = Debug|Any CPU
		Release|Any CPU = Release|Any CPU
	EndGlobalSection
	GlobalSection(ProjectConfigurationPlatforms) = postSolution
		{79011A6D-F30C-4A59-8E41-0CCB25514C76}.Debug|Any CPU.ActiveCfg = Debug|Any CPU
		{79011A6D-F30C-4A59-8E41-0CCB25514C76}.Debug|Any CPU.Build.0 = Debug|Any CPU
		{79011A6D-F30C-4A59-8E41-0CCB25514C76}.Release|Any CPU.ActiveCfg = Release|Any CPU
		{79011A6D-F30C-4A59-8E41-0CCB25514C76}.Release|Any CPU.Build.0 = Release|Any CPU
		{C3068493-0826-4E60-8116-DE1CCB3DC44F}.Debug|Any CPU.ActiveCfg = Debug|Any CPU
		{C3068493-0826-4E60-8116-DE1CCB3DC44F}.Debug|Any CPU.Build.0 = Debug|Any CPU
		{C3068493-0826-4E60-8116-DE1CCB3DC44F}.Release|Any CPU.ActiveCfg = Release|Any CPU
		{C3068493-0826-4E60-8116-DE1CCB3DC44F}.Release|Any CPU.Build.0 = Release|Any CPU
	EndGlobalSection
	GlobalSection(SolutionProperties) = preSolution
		HideSolutionNode = FALSE
	EndGlobalSection
	GlobalSection(ExtensibilityGlobals) = postSolution
		SolutionGuid = {C8935738-E78C-48D8-99D7-2DE2C2B6193D}
	EndGlobalSection
EndGlobal
